
Microsoft Visual Studio Solution File, Format Version 12.00
# Visual Studio Version 17
VisualStudioVersion = 17.2.32516.85
MinimumVisualStudioVersion = 10.0.40219.1
Project("{8BC9CEB8-8B4A-11D0-8D11-00A0C91BC942}") = "wekroty", "wekroty.vcxproj", "{135AD108-D8A9-4B0E-8120-03B59AD74536}"
EndProject
Global
	GlobalSection(SolutionConfigurationPlatforms) = preSolution
		Debug|x64 = Debug|x64
		Debug|x86 = Debug|x86
		Release|x64 = Release|x64
		Release|x86 = Release|x86
	EndGlobalSection
	GlobalSection(ProjectConfigurationPlatforms) = postSolution
		{135AD108-D8A9-4B0E-8120-03B59AD74536}.Debug|x64.ActiveCfg = Debug|x64
		{135AD108-D8A9-4B0E-8120-03B59AD74536}.Debug|x64.Build.0 = Debug|x64
		{135AD108-D8A9-4B0E-8120-03B59AD74536}.Debug|x86.ActiveCfg = Debug|Win32
		{135AD108-D8A9-4B0E-8120-03B59AD74536}.Debug|x86.Build.0 = Debug|Win32
		{135AD108-D8A9-4B0E-8120-03B59AD74536}.Release|x64.ActiveCfg = Release|x64
		{135AD108-D8A9-4B0E-8120-03B59AD74536}.Release|x64.Build.0 = Release|x64
		{135AD108-D8A9-4B0E-8120-03B59AD74536}.Release|x86.ActiveCfg = Release|Win32
		{135AD108-D8A9-4B0E-8120-03B59AD74536}.Release|x86.Build.0 = Release|Win32
	EndGlobalSection
	GlobalSection(SolutionProperties) = preSolution
		HideSolutionNode = FALSE
	EndGlobalSection
	GlobalSection(ExtensibilityGlobals) = postSolution
		SolutionGuid = {8864A67D-8258-4647-BCC2-D722B398A8C5}
	EndGlobalSection
EndGlobal
